dependencies:
- name: postgresql
  repository: https://charts.bitnami.com/bitnami
  version: 12.3.1
- name: ingress-nginx
  repository: https://kubernetes.github.io/ingress-nginx
  version: 4.6.0
digest: sha256:93e1ffcae8c6231290dc13cb624efed682b0b3815c9722da5bb633b3d094c333
generated: "2023-04-22T15:23:52.350641917+03:00"
